
Microsoft Visual Studio Solution File, Format Version 12.00
# Visual Studio 14
VisualStudioVersion = 14.0.23107.0
MinimumVisualStudioVersion = 10.0.40219.1
Project("{FAE04EC0-301F-11D3-BF4B-00C04F79EFBC}") = "Locadora.UI", "Locadora.UI\Locadora.UI.csproj", "{9FA96AE3-EE77-4C13-BCF9-762C9E8D4D10}"
EndProject
Project("{FAE04EC0-301F-11D3-BF4B-00C04F79EFBC}") = "Locadora.Dominio", "Locadora.Dominio\Locadora.Dominio.csproj", "{626037A8-DF30-42B9-9DDF-E10AC510E10C}"
EndProject
Project("{FAE04EC0-301F-11D3-BF4B-00C04F79EFBC}") = "Locadora.Tests", "Locadora.Tests\Locadora.Tests.csproj", "{81D4BF72-C2CB-492B-9CB2-5789D1671D3E}"
EndProject
Global
	GlobalSection(SolutionConfigurationPlatforms) = preSolution
		Debug|Any CPU = Debug|Any CPU
		Release|Any CPU = Release|Any CPU
	EndGlobalSection
	GlobalSection(ProjectConfigurationPlatforms) = postSolution
		{9FA96AE3-EE77-4C13-BCF9-762C9E8D4D10}.Debug|Any CPU.ActiveCfg = Debug|Any CPU
		{9FA96AE3-EE77-4C13-BCF9-762C9E8D4D10}.Debug|Any CPU.Build.0 = Debug|Any CPU
		{9FA96AE3-EE77-4C13-BCF9-762C9E8D4D10}.Release|Any CPU.ActiveCfg = Release|Any CPU
		{9FA96AE3-EE77-4C13-BCF9-762C9E8D4D10}.Release|Any CPU.Build.0 = Release|Any CPU
		{626037A8-DF30-42B9-9DDF-E10AC510E10C}.Debug|Any CPU.ActiveCfg = Debug|Any CPU
		{626037A8-DF30-42B9-9DDF-E10AC510E10C}.Debug|Any CPU.Build.0 = Debug|Any CPU
		{626037A8-DF30-42B9-9DDF-E10AC510E10C}.Release|Any CPU.ActiveCfg = Release|Any CPU
		{626037A8-DF30-42B9-9DDF-E10AC510E10C}.Release|Any CPU.Build.0 = Release|Any CPU
		{81D4BF72-C2CB-492B-9CB2-5789D1671D3E}.Debug|Any CPU.ActiveCfg = Debug|Any CPU
		{81D4BF72-C2CB-492B-9CB2-5789D1671D3E}.Debug|Any CPU.Build.0 = Debug|Any CPU
		{81D4BF72-C2CB-492B-9CB2-5789D1671D3E}.Release|Any CPU.ActiveCfg = Release|Any CPU
		{81D4BF72-C2CB-492B-9CB2-5789D1671D3E}.Release|Any CPU.Build.0 = Release|Any CPU
	EndGlobalSection
	GlobalSection(SolutionProperties) = preSolution
		HideSolutionNode = FALSE
	EndGlobalSection
EndGlobal
